github.com/ebitengine/purego v0.11.1 h1:2zpWRSQNVKN4eKsKO9eM1ILDgWfYMY9GwqRmK6XeQ/0=
github.com/ebitengine/purego v0.11.1/go.mod h1:DCHPP08djqhNSoTfImcnHYQRZmd0qhakvrozqaEYhGQ=
github.com/go-appdirs/outdir v0.3.0 h1:oqVLh83JrPdfh+FEUYmDwevp3oV1xC1qV2LxTmZn5L4=
github.com/go-appdirs/outdir v0.3.0/go.mod h1:NXh7y7uVjrhGjUmoWb+JuQITVCs7Bj+PrRn/aNCBkb4=
github.com/go-macos/objc v0.11.0 h1:YnSZbQDR0nXSuGwEKr+BaY14Jevw5uRHTrry4l5P4d0=
github.com/go-macos/objc v0.11.0/go.mod h1:G2YcKu5C2Xs08vcM/CUUUeYUi9YeCHmkWcW+5RGwE/g=
