github.com/ebitengine/purego v0.11.0 h1:jhp/D+Nyv7UUW8HAcmcjt2N2rYrYi9m3SL21k0Ua/NI=
github.com/ebitengine/purego v0.11.0/go.mod h1:DCHPP08djqhNSoTfImcnHYQRZmd0qhakvrozqaEYhGQ=
github.com/go-appdirs/outdir v0.2.0 h1:1TdK1U7d0kaHMIYp3BJkrVJwLxBJtxiDB1eOMTdi0As=
github.com/go-appdirs/outdir v0.2.0/go.mod h1:A/F6uTrvD3bMiof2UXK5FUNemDN1tC7vOZxi8LdrhJs=
github.com/go-macos/objc v0.10.2 h1:WX8CsDT6SbDrIT2wHAZEQBhGcpKR750llRS4oAfX9ww=
github.com/go-macos/objc v0.10.2/go.mod h1:68hzSUlhg5bFbg1kO0z4DM6xOk4B/IofuxdlyhHHtt8=
